// !$*UTF8*$!
{
	archiveVersion = 1;
	classes = {
	};
	objectVersion = 56;
	objects = {

/* Begin PBXBuildFile section */
		13E3D4522AB8BCB1004B13C7 /* AppDelegate.swift in Sources */ = {isa = PBXBuildFile; fileRef = 13E3D4512AB8BCB1004B13C7 /* AppDelegate.swift */; };
		13E3D4542AB8BCB1004B13C7 /* SceneDelegate.swift in Sources */ = {isa = PBXBuildFile; fileRef = 13E3D4532AB8BCB1004B13C7 /* SceneDelegate.swift */; };
		13E3D4562AB8BCB1004B13C7 /* ViewController.swift in Sources */ = {isa = PBXBuildFile; fileRef = 13E3D4552AB8BCB1004B13C7 /* ViewController.swift */; };
		13E3D4592AB8BCB1004B13C7 /* Main.storyboard in Resources */ = {isa = PBXBuildFile; fileRef = 13E3D4572AB8BCB1004B13C7 /* Main.storyboard */; };
		13E3D45C2AB8BCB1004B13C7 /* BoilEasy.xcdatamodeld in Sources */ = {isa = PBXBuildFile; fileRef = 13E3D45A2AB8BCB1004B13C7 /* BoilEasy.xcdatamodeld */; };
		13E3D45E2AB8BCB2004B13C7 /* Assets.xcassets in Resources */ = {isa = PBXBuildFile; fileRef = 13E3D45D2AB8BCB2004B13C7 /* Assets.xcassets */; };
		13E3D4612AB8BCB2004B13C7 /* LaunchScreen.storyboard in Resources */ = {isa = PBXBuildFile; fileRef = 13E3D45F2AB8BCB2004B13C7 /* LaunchScreen.storyboard */; };
		13E3D46C2AB8BCB2004B13C7 /* BoilEasyTests.swift in Sources */ = {isa = PBXBuildFile; fileRef = 13E3D46B2AB8BCB2004B13C7 /* BoilEasyTests.swift */; };
		13E3D4762AB8BCB2004B13C7 /* BoilEasyUITests.swift in Sources */ = {isa = PBXBuildFile; fileRef = 13E3D4752AB8BCB2004B13C7 /* BoilEasyUITests.swift */; };
		13E3D4782AB8BCB2004B13C7 /* BoilEasyUITestsLaunchTests.swift in Sources */ = {isa = PBXBuildFile; fileRef = 13E3D4772AB8BCB2004B13C7 /* BoilEasyUITestsLaunchTests.swift */; };
/* End PBXBuildFile section */

/* Begin PBXContainerItemProxy section */
		13E3D4682AB8BCB2004B13C7 /* PBXContainerItemProxy */ = {
			isa = PBXContainerItemProxy;
			containerPortal = 13E3D4462AB8BCB1004B13C7 /* Project object */;
			proxyType = 1;
			remoteGlobalIDString = 13E3D44D2AB8BCB1004B13C7;
			remoteInfo = BoilEasy;
		};
		13E3D4722AB8BCB2004B13C7 /* PBXContainerItemProxy */ = {
			isa = PBXContainerItemProxy;
			containerPortal = 13E3D4462AB8BCB1004B13C7 /* Project object */;
			proxyType = 1;
			remoteGlobalIDString = 13E3D44D2AB8BCB1004B13C7;
			remoteInfo = BoilEasy;
		};
/* End PBXContainerItemProxy section */

/* Begin PBXFileReference section */
		13E3D44E2AB8BCB1004B13C7 /* BoilEasy.app */ = {isa = PBXFileReference; explicitFileType = wrapper.application; includeInIndex = 0; path = BoilEasy.app; sourceTree = BUILT_PRODUCTS_DIR; };
		13E3D4512AB8BCB1004B13C7 /* AppDelegate.swift */ = {isa = PBXFileReference; lastKnownFileType = sourcecode.swift; path = AppDelegate.swift; sourceTree = "<group>"; };
		13E3D4532AB8BCB1004B13C7 /* SceneDelegate.swift */ = {isa = PBXFileReference; lastKnownFileType = sourcecode.swift; path = SceneDelegate.swift; sourceTree = "<group>"; };
		13E3D4552AB8BCB1004B13C7 /* ViewController.swift */ = {isa = PBXFileReference; lastKnownFileType = sourcecode.swift; path = ViewController.swift; sourceTree = "<group>"; };
		13E3D4582AB8BCB1004B13C7 /* Base */ = {isa = PBXFileReference; lastKnownFileType = file.storyboard; name = Base; path = Base.lproj/Main.storyboard; sourceTree = "<group>"; };
		13E3D45B2AB8BCB1004B13C7 /* BoilEasy.xcdatamodel */ = {isa = PBXFileReference; lastKnownFileType = wrapper.xcdatamodel; path = BoilEasy.xcdatamodel; sourceTree = "<group>"; };
		13E3D45D2AB8BCB2004B13C7 /* Assets.xcassets */ = {isa = PBXFileReference; lastKnownFileType = folder.assetcatalog; path = Assets.xcassets; sourceTree = "<group>"; };
		13E3D4602AB8BCB2004B13C7 /* Base */ = {isa = PBXFileReference; lastKnownFileType = file.storyboard; name = Base; path = Base.lproj/LaunchScreen.storyboard; sourceTree = "<group>"; };
		13E3D4622AB8BCB2004B13C7 /* Info.plist */ = {isa = PBXFileReference; lastKnownFileType = text.plist.xml; path = Info.plist; sourceTree = "<group>"; };
		13E3D4672AB8BCB2004B13C7 /* BoilEasyTests.xctest */ = {isa = PBXFileReference; explicitFileType = wrapper.cfbundle; includeInIndex = 0; path = BoilEasyTests.xctest; sourceTree = BUILT_PRODUCTS_DIR; };
		13E3D46B2AB8BCB2004B13C7 /* BoilEasyTests.swift */ = {isa = PBXFileReference; lastKnownFileType = sourcecode.swift; path = BoilEasyTests.swift; sourceTree = "<group>"; };
		13E3D4712AB8BCB2004B13C7 /* BoilEasyUITests.xctest */ = {isa = PBXFileReference; explicitFileType = wrapper.cfbundle; includeInIndex = 0; path = BoilEasyUITests.xctest; sourceTree = BUILT_PRODUCTS_DIR; };
		13E3D4752AB8BCB2004B13C7 /* BoilEasyUITests.swift */ = {isa = PBXFileReference; lastKnownFileType = sourcecode.swift; path = BoilEasyUITests.swift; sourceTree = "<group>"; };
		13E3D4772AB8BCB2004B13C7 /* BoilEasyUITestsLaunchTests.swift */ = {isa = PBXFileReference; lastKnownFileType = sourcecode.swift; path = BoilEasyUITestsLaunchTests.swift; sourceTree = "<group>"; };
/* End PBXFileReference section */

/* Begin PBXFrameworksBuildPhase section */
		13E3D44B2AB8BCB1004B13C7 /* Frameworks */ = {
			isa = PBXFrameworksBuildPhase;
			buildActionMask = 2147483647;
			files = (
			);
			runOnlyForDeploymentPostprocessing = 0;
		};
		13E3D4642AB8BCB2004B13C7 /* Frameworks */ = {
			isa = PBXFrameworksBuildPhase;
			buildActionMask = 2147483647;
			files = (
			);
			runOnlyForDeploymentPostprocessing = 0;
		};
		13E3D46E2AB8BCB2004B13C7 /* Frameworks */ = {
			isa = PBXFrameworksBuildPhase;
			buildActionMask = 2147483647;
			files = (
			);
			runOnlyForDeploymentPostprocessing = 0;
		};
/* End PBXFrameworksBuildPhase section */

/* Begin PBXGroup section */
		13E3D4452AB8BCB1004B13C7 = {
			isa = PBXGroup;
			children = (
				13E3D4502AB8BCB1004B13C7 /* BoilEasy */,
				13E3D46A2AB8BCB2004B13C7 /* BoilEasyTests */,
				13E3D4742AB8BCB2004B13C7 /* BoilEasyUITests */,
				13E3D44F2AB8BCB1004B13C7 /* Products */,
			);
			sourceTree = "<group>";
		};
		13E3D44F2AB8BCB1004B13C7 /* Products */ = {
			isa = PBXGroup;
			children = (
				13E3D44E2AB8BCB1004B13C7 /* BoilEasy.app */,
				13E3D4672AB8BCB2004B13C7 /* BoilEasyTests.xctest */,
				13E3D4712AB8BCB2004B13C7 /* BoilEasyUITests.xctest */,
			);
			name = Products;
			sourceTree = "<group>";
		};
		13E3D4502AB8BCB1004B13C7 /* BoilEasy */ = {
			isa = PBXGroup;
			children = (
				13E3D4512AB8BCB1004B13C7 /* AppDelegate.swift */,
				13E3D4532AB8BCB1004B13C7 /* SceneDelegate.swift */,
				13E3D4552AB8BCB1004B13C7 /* ViewController.swift */,
				13E3D4572AB8BCB1004B13C7 /* Main.storyboard */,
				13E3D45D2AB8BCB2004B13C7 /* Assets.xcassets */,
				13E3D45F2AB8BCB2004B13C7 /* LaunchScreen.storyboard */,
				13E3D4622AB8BCB2004B13C7 /* Info.plist */,
				13E3D45A2AB8BCB1004B13C7 /* BoilEasy.xcdatamodeld */,
			);
			path = BoilEasy;
			sourceTree = "<group>";
		};
		13E3D46A2AB8BCB2004B13C7 /* BoilEasyTests */ = {
			isa = PBXGroup;
			children = (
				13E3D46B2AB8BCB2004B13C7 /* BoilEasyTests.swift */,
			);
			path = BoilEasyTests;
			sourceTree = "<group>";
		};
		13E3D4742AB8BCB2004B13C7 /* BoilEasyUITests */ = {
			isa = PBXGroup;
			children = (
				13E3D4752AB8BCB2004B13C7 /* BoilEasyUITests.swift */,
				13E3D4772AB8BCB2004B13C7 /* BoilEasyUITestsLaunchTests.swift */,
			);
			path = BoilEasyUITests;
			sourceTree = "<group>";
		};
/* End PBXGroup section */

/* Begin PBXNativeTarget section */
		13E3D44D2AB8BCB1004B13C7 /* BoilEasy */ = {
			isa = PBXNativeTarget;
			buildConfigurationList = 13E3D47B2AB8BCB2004B13C7 /* Build configuration list for PBXNativeTarget "BoilEasy" */;
			buildPhases = (
				13E3D44A2AB8BCB1004B13C7 /* Sources */,
				13E3D44B2AB8BCB1004B13C7 /* Frameworks */,
				13E3D44C2AB8BCB1004B13C7 /* Resources */,
			);
			buildRules = (
			);
			dependencies = (
			);
			name = BoilEasy;
			productName = BoilEasy;
			productReference = 13E3D44E2AB8BCB1004B13C7 /* BoilEasy.app */;
			productType = "com.apple.product-type.application";
		};
		13E3D4662AB8BCB2004B13C7 /* BoilEasyTests */ = {
			isa = PBXNativeTarget;
			buildConfigurationList = 13E3D47E2AB8BCB2004B13C7 /* Build configuration list for PBXNativeTarget "BoilEasyTests" */;
			buildPhases = (
				13E3D4632AB8BCB2004B13C7 /* Sources */,
				13E3D4642AB8BCB2004B13C7 /* Frameworks */,
				13E3D4652AB8BCB2004B13C7 /* Resources */,
			);
			buildRules = (
			);
			dependencies = (
				13E3D4692AB8BCB2004B13C7 /* PBXTargetDependency */,
			);
			name = BoilEasyTests;
			productName = BoilEasyTests;
			productReference = 13E3D4672AB8BCB2004B13C7 /* BoilEasyTests.xctest */;
			productType = "com.apple.product-type.bundle.unit-test";
		};
		13E3D4702AB8BCB2004B13C7 /* BoilEasyUITests */ = {
			isa = PBXNativeTarget;
			buildConfigurationList = 13E3D4812AB8BCB2004B13C7 /* Build configuration list for PBXNativeTarget "BoilEasyUITests" */;
			buildPhases = (
				13E3D46D2AB8BCB2004B13C7 /* Sources */,
				13E3D46E2AB8BCB2004B13C7 /* Frameworks */,
				13E3D46F2AB8BCB2004B13C7 /* Resources */,
			);
			buildRules = (
			);
			dependencies = (
				13E3D4732AB8BCB2004B13C7 /* PBXTargetDependency */,
			);
			name = BoilEasyUITests;
			productName = BoilEasyUITests;
			productReference = 13E3D4712AB8BCB2004B13C7 /* BoilEasyUITests.xctest */;
			productType = "com.apple.product-type.bundle.ui-testing";
		};
/* End PBXNativeTarget section */

/* Begin PBXProject section */
		13E3D4462AB8BCB1004B13C7 /* Project object */ = {
			isa = PBXProject;
			attributes = {
				BuildIndependentTargetsInParallel = 1;
				LastSwiftUpdateCheck = 1430;
				LastUpgradeCheck = 1430;
				TargetAttributes = {
					13E3D44D2AB8BCB1004B13C7 = {
						CreatedOnToolsVersion = 14.3.1;
					};
					13E3D4662AB8BCB2004B13C7 = {
						CreatedOnToolsVersion = 14.3.1;
						TestTargetID = 13E3D44D2AB8BCB1004B13C7;
					};
					13E3D4702AB8BCB2004B13C7 = {
						CreatedOnToolsVersion = 14.3.1;
						TestTargetID = 13E3D44D2AB8BCB1004B13C7;
					};
				};
			};
			buildConfigurationList = 13E3D4492AB8BCB1004B13C7 /* Build configuration list for PBXProject "BoilEasy" */;
			compatibilityVersion = "Xcode 14.0";
			developmentRegion = en;
			hasScannedForEncodings = 0;
			knownRegions = (
				en,
				Base,
			);
			mainGroup = 13E3D4452AB8BCB1004B13C7;
			productRefGroup = 13E3D44F2AB8BCB1004B13C7 /* Products */;
			projectDirPath = "";
			projectRoot = "";
			targets = (
				13E3D44D2AB8BCB1004B13C7 /* BoilEasy */,
				13E3D4662AB8BCB2004B13C7 /* BoilEasyTests */,
				13E3D4702AB8BCB2004B13C7 /* BoilEasyUITests */,
			);
		};
/* End PBXProject section */

/* Begin PBXResourcesBuildPhase section */
		13E3D44C2AB8BCB1004B13C7 /* Resources */ = {
			isa = PBXResourcesBuildPhase;
			buildActionMask = 2147483647;
			files = (
				13E3D4612AB8BCB2004B13C7 /* LaunchScreen.storyboard in Resources */,
				13E3D45E2AB8BCB2004B13C7 /* Assets.xcassets in Resources */,
				13E3D4592AB8BCB1004B13C7 /* Main.storyboard in Resources */,
			);
			runOnlyForDeploymentPostprocessing = 0;
		};
		13E3D4652AB8BCB2004B13C7 /* Resources */ = {
			isa = PBXResourcesBuildPhase;
			buildActionMask = 2147483647;
			files = (
			);
			runOnlyForDeploymentPostprocessing = 0;
		};
		13E3D46F2AB8BCB2004B13C7 /* Resources */ = {
			isa = PBXResourcesBuildPhase;
			buildActionMask = 2147483647;
			files = (
			);
			runOnlyForDeploymentPostprocessing = 0;
		};
/* End PBXResourcesBuildPhase section */

/* Begin PBXSourcesBuildPhase section */
		13E3D44A2AB8BCB1004B13C7 /* Sources */ = {
			isa = PBXSourcesBuildPhase;
			buildActionMask = 2147483647;
			files = (
				13E3D4562AB8BCB1004B13C7 /* ViewController.swift in Sources */,
				13E3D45C2AB8BCB1004B13C7 /* BoilEasy.xcdatamodeld in Sources */,
				13E3D4522AB8BCB1004B13C7 /* AppDelegate.swift in Sources */,
				13E3D4542AB8BCB1004B13C7 /* SceneDelegate.swift in Sources */,
			);
			runOnlyForDeploymentPostprocessing = 0;
		};
		13E3D4632AB8BCB2004B13C7 /* Sources */ = {
			isa = PBXSourcesBuildPhase;
			buildActionMask = 2147483647;
			files = (
				13E3D46C2AB8BCB2004B13C7 /* BoilEasyTests.swift in Sources */,
			);
			runOnlyForDeploymentPostprocessing = 0;
		};
		13E3D46D2AB8BCB2004B13C7 /* Sources */ = {
			isa = PBXSourcesBuildPhase;
			buildActionMask = 2147483647;
			files = (
				13E3D4782AB8BCB2004B13C7 /* BoilEasyUITestsLaunchTests.swift in Sources */,
				13E3D4762AB8BCB2004B13C7 /* BoilEasyUITests.swift in Sources */,
			);
			runOnlyForDeploymentPostprocessing = 0;
		};
/* End PBXSourcesBuildPhase section */

/* Begin PBXTargetDependency section */
		13E3D4692AB8BCB2004B13C7 /* PBXTargetDependency */ = {
			isa = PBXTargetDependency;
			target = 13E3D44D2AB8BCB1004B13C7 /* BoilEasy */;
			targetProxy = 13E3D4682AB8BCB2004B13C7 /* PBXContainerItemProxy */;
		};
		13E3D4732AB8BCB2004B13C7 /* PBXTargetDependency */ = {
			isa = PBXTargetDependency;
			target = 13E3D44D2AB8BCB1004B13C7 /* BoilEasy */;
			targetProxy = 13E3D4722AB8BCB2004B13C7 /* PBXContainerItemProxy */;
		};
/* End PBXTargetDependency section */

/* Begin PBXVariantGroup section */
		13E3D4572AB8BCB1004B13C7 /* Main.storyboard */ = {
			isa = PBXVariantGroup;
			children = (
				13E3D4582AB8BCB1004B13C7 /* Base */,
			);
			name = Main.storyboard;
			sourceTree = "<group>";
		};
		13E3D45F2AB8BCB2004B13C7 /* LaunchScreen.storyboard */ = {
			isa = PBXVariantGroup;
			children = (
				13E3D4602AB8BCB2004B13C7 /* Base */,
			);
			name = LaunchScreen.storyboard;
			sourceTree = "<group>";
		};
/* End PBXVariantGroup section */

/* Begin XCBuildConfiguration section */
		13E3D4792AB8BCB2004B13C7 /* Debug */ = {
			isa = XCBuildConfiguration;
			buildSettings = {
				ALWAYS_SEARCH_USER_PATHS = NO;
				CLANG_ANALYZER_NONNULL = YES;
				CLANG_ANALYZER_NUMBER_OBJECT_CONVERSION = YES_AGGRESSIVE;
				CLANG_CXX_LANGUAGE_STANDARD = "gnu++20";
				CLANG_ENABLE_MODULES = YES;
				CLANG_ENABLE_OBJC_ARC = YES;
				CLANG_ENABLE_OBJC_WEAK = YES;
				CLANG_WARN_BLOCK_CAPTURE_AUTORELEASING = YES;
				CLANG_WARN_BOOL_CONVERSION = YES;
				CLANG_WARN_COMMA = YES;
				CLANG_WARN_CONSTANT_CONVERSION = YES;
				CLANG_WARN_DEPRECATED_OBJC_IMPLEMENTATIONS = YES;
				CLANG_WARN_DIRECT_OBJC_ISA_USAGE = YES_ERROR;
				CLANG_WARN_DOCUMENTATION_COMMENTS = YES;
				CLANG_WARN_EMPTY_BODY = YES;
				CLANG_WARN_ENUM_CONVERSION = YES;
				CLANG_WARN_INFINITE_RECURSION = YES;
				CLANG_WARN_INT_CONVERSION = YES;
				CLANG_WARN_NON_LITERAL_NULL_CONVERSION = YES;
				CLANG_WARN_OBJC_IMPLICIT_RETAIN_SELF = YES;
				CLANG_WARN_OBJC_LITERAL_CONVERSION = YES;
				CLANG_WARN_OBJC_ROOT_CLASS = YES_ERROR;
				CLANG_WARN_QUOTED_INCLUDE_IN_FRAMEWORK_HEADER = YES;
				CLANG_WARN_RANGE_LOOP_ANALYSIS = YES;
				CLANG_WARN_STRICT_PROTOTYPES = YES;
				CLANG_WARN_SUSPICIOUS_MOVE = YES;
				CLANG_WARN_UNGUARDED_AVAILABILITY = YES_AGGRESSIVE;
				CLANG_WARN_UNREACHABLE_CODE = YES;
				CLANG_WARN__DUPLICATE_METHOD_MATCH = YES;
				COPY_PHASE_STRIP = NO;
				DEBUG_INFORMATION_FORMAT = dwarf;
				ENABLE_STRICT_OBJC_MSGSEND = YES;
				ENABLE_TESTABILITY = YES;
				GCC_C_LANGUAGE_STANDARD = gnu11;
				GCC_DYNAMIC_NO_PIC = NO;
				GCC_NO_COMMON_BLOCKS = YES;
				GCC_OPTIMIZATION_LEVEL = 0;
				GCC_PREPROCESSOR_DEFINITIONS = (
					"DEBUG=1",
					"$(inherited)",
				);
				GCC_WARN_64_TO_32_BIT_CONVERSION = YES;
				GCC_WARN_ABOUT_RETURN_TYPE = YES_ERROR;
				GCC_WARN_UNDECLARED_SELECTOR = YES;
				GCC_WARN_UNINITIALIZED_AUTOS = YES_AGGRESSIVE;
				GCC_WARN_UNUSED_FUNCTION = YES;
				GCC_WARN_UNUSED_VARIABLE = YES;
				IPHONEOS_DEPLOYMENT_TARGET = 16.4;
				MTL_ENABLE_DEBUG_INFO = INCLUDE_SOURCE;
				MTL_FAST_MATH = YES;
				ONLY_ACTIVE_ARCH = YES;
				SDKROOT = iphoneos;
				SWIFT_ACTIVE_COMPILATION_CONDITIONS = DEBUG;
				SWIFT_OPTIMIZATION_LEVEL = "-Onone";
			};
			name = Debug;
		};
		13E3D47A2AB8BCB2004B13C7 /* Release */ = {
			isa = XCBuildConfiguration;
			buildSettings = {
				ALWAYS_SEARCH_USER_PATHS = NO;
				CLANG_ANALYZER_NONNULL = YES;
				CLANG_ANALYZER_NUMBER_OBJECT_CONVERSION = YES_AGGRESSIVE;
				CLANG_CXX_LANGUAGE_STANDARD = "gnu++20";
				CLANG_ENABLE_MODULES = YES;
				CLANG_ENABLE_OBJC_ARC = YES;
				CLANG_ENABLE_OBJC_WEAK = YES;
				CLANG_WARN_BLOCK_CAPTURE_AUTORELEASING = YES;
				CLANG_WARN_BOOL_CONVERSION = YES;
				CLANG_WARN_COMMA = YES;
				CLANG_WARN_CONSTANT_CONVERSION = YES;
				CLANG_WARN_DEPRECATED_OBJC_IMPLEMENTATIONS = YES;
				CLANG_WARN_DIRECT_OBJC_ISA_USAGE = YES_ERROR;
				CLANG_WARN_DOCUMENTATION_COMMENTS = YES;
				CLANG_WARN_EMPTY_BODY = YES;
				CLANG_WARN_ENUM_CONVERSION = YES;
				CLANG_WARN_INFINITE_RECURSION = YES;
				CLANG_WARN_INT_CONVERSION = YES;
				CLANG_WARN_NON_LITERAL_NULL_CONVERSION = YES;
				CLANG_WARN_OBJC_IMPLICIT_RETAIN_SELF = YES;
				CLANG_WARN_OBJC_LITERAL_CONVERSION = YES;
				CLANG_WARN_OBJC_ROOT_CLASS = YES_ERROR;
				CLANG_WARN_QUOTED_INCLUDE_IN_FRAMEWORK_HEADER = YES;
				CLANG_WARN_RANGE_LOOP_ANALYSIS = YES;
				CLANG_WARN_STRICT_PROTOTYPES = YES;
				CLANG_WARN_SUSPICIOUS_MOVE = YES;
				CLANG_WARN_UNGUARDED_AVAILABILITY = YES_AGGRESSIVE;
				CLANG_WARN_UNREACHABLE_CODE = YES;
				CLANG_WARN__DUPLICATE_METHOD_MATCH = YES;
				COPY_PHASE_STRIP = NO;
				DEBUG_INFORMATION_FORMAT = "dwarf-with-dsym";
				ENABLE_NS_ASSERTIONS = NO;
				ENABLE_STRICT_OBJC_MSGSEND = YES;
				GCC_C_LANGUAGE_STANDARD = gnu11;
				GCC_NO_COMMON_BLOCKS = YES;
				GCC_WARN_64_TO_32_BIT_CONVERSION = YES;
				GCC_WARN_ABOUT_RETURN_TYPE = YES_ERROR;
				GCC_WARN_UNDECLARED_SELECTOR = YES;
				GCC_WARN_UNINITIALIZED_AUTOS = YES_AGGRESSIVE;
				GCC_WARN_UNUSED_FUNCTION = YES;
				GCC_WARN_UNUSED_VARIABLE = YES;
				IPHONEOS_DEPLOYMENT_TARGET = 16.4;
				MTL_ENABLE_DEBUG_INFO = NO;
				MTL_FAST_MATH = YES;
				SDKROOT = iphoneos;
				SWIFT_COMPILATION_MODE = wholemodule;
				SWIFT_OPTIMIZATION_LEVEL = "-O";
				VALIDATE_PRODUCT = YES;
			};
			name = Release;
		};
		13E3D47C2AB8BCB2004B13C7 /* Debug */ = {
			isa = XCBuildConfiguration;
			buildSettings = {
				ASSETCATALOG_COMPILER_APPICON_NAME = AppIcon;
				ASSETCATALOG_COMPILER_GLOBAL_ACCENT_COLOR_NAME = AccentColor;
				CODE_SIGN_STYLE = Automatic;
				CURRENT_PROJECT_VERSION = 1;
				GENERATE_INFOPLIST_FILE = YES;
				INFOPLIST_FILE = BoilEasy/Info.plist;
				INFOPLIST_KEY_UIApplicationSupportsIndirectInputEvents = YES;
				INFOPLIST_KEY_UILaunchStoryboardName = LaunchScreen;
				INFOPLIST_KEY_UIMainStoryboardFile = Main;
				INFOPLIST_KEY_UISupportedInterfaceOrientations_iPad = "UIInterfaceOrientationPortrait UIInterfaceOrientationPortraitUpsideDown UIInterfaceOrientationLandscapeLeft UIInterfaceOrientationLandscapeRight";
				INFOPLIST_KEY_UISupportedInterfaceOrientations_iPhone = "UIInterfaceOrientationPortrait UIInterfaceOrientationLandscapeLeft UIInterfaceOrientationLandscapeRight";
				LD_RUNPATH_SEARCH_PATHS = (
					"$(inherited)",
					"@executable_path/Frameworks",
				);
				MARKETING_VERSION = 1.0;
				PRODUCT_BUNDLE_IDENTIFIER = code.BoilEasy;
				PRODUCT_NAME = "$(TARGET_NAME)";
				SWIFT_EMIT_LOC_STRINGS = YES;
				SWIFT_VERSION = 5.0;
				TARGETED_DEVICE_FAMILY = "1,2";
			};
			name = Debug;
		};
		13E3D47D2AB8BCB2004B13C7 /* Release */ = {
			isa = XCBuildConfiguration;
			buildSettings = {
				ASSETCATALOG_COMPILER_APPICON_NAME = AppIcon;
				ASSETCATALOG_COMPILER_GLOBAL_ACCENT_COLOR_NAME = AccentColor;
				CODE_SIGN_STYLE = Automatic;
				CURRENT_PROJECT_VERSION = 1;
				GENERATE_INFOPLIST_FILE = YES;
				INFOPLIST_FILE = BoilEasy/Info.plist;
				INFOPLIST_KEY_UIApplicationSupportsIndirectInputEvents = YES;
				INFOPLIST_KEY_UILaunchStoryboardName = LaunchScreen;
				INFOPLIST_KEY_UIMainStoryboardFile = Main;
				INFOPLIST_KEY_UISupportedInterfaceOrientations_iPad = "UIInterfaceOrientationPortrait UIInterfaceOrientationPortraitUpsideDown UIInterfaceOrientationLandscapeLeft UIInterfaceOrientationLandscapeRight";
				INFOPLIST_KEY_UISupportedInterfaceOrientations_iPhone = "UIInterfaceOrientationPortrait UIInterfaceOrientationLandscapeLeft UIInterfaceOrientationLandscapeRight";
				LD_RUNPATH_SEARCH_PATHS = (
					"$(inherited)",
					"@executable_path/Frameworks",
				);
				MARKETING_VERSION = 1.0;
				PRODUCT_BUNDLE_IDENTIFIER = code.BoilEasy;
				PRODUCT_NAME = "$(TARGET_NAME)";
				SWIFT_EMIT_LOC_STRINGS = YES;
				SWIFT_VERSION = 5.0;
				TARGETED_DEVICE_FAMILY = "1,2";
			};
			name = Release;
		};
		13E3D47F2AB8BCB2004B13C7 /* Debug */ = {
			isa = XCBuildConfiguration;
			buildSettings = {
				ALWAYS_EMBED_SWIFT_STANDARD_LIBRARIES = YES;
				BUNDLE_LOADER = "$(TEST_HOST)";
				CODE_SIGN_STYLE = Automatic;
				CURRENT_PROJECT_VERSION = 1;
				GENERATE_INFOPLIST_FILE = YES;
				IPHONEOS_DEPLOYMENT_TARGET = 16.4;
				MARKETING_VERSION = 1.0;
				PRODUCT_BUNDLE_IDENTIFIER = code.BoilEasyTests;
				PRODUCT_NAME = "$(TARGET_NAME)";
				SWIFT_EMIT_LOC_STRINGS = NO;
				SWIFT_VERSION = 5.0;
				TARGETED_DEVICE_FAMILY = "1,2";
				TEST_HOST = "$(BUILT_PRODUCTS_DIR)/BoilEasy.app/$(BUNDLE_EXECUTABLE_FOLDER_PATH)/BoilEasy";
			};
			name = Debug;
		};
		13E3D4802AB8BCB2004B13C7 /* Release */ = {
			isa = XCBuildConfiguration;
			buildSettings = {
				ALWAYS_EMBED_SWIFT_STANDARD_LIBRARIES = YES;
				BUNDLE_LOADER = "$(TEST_HOST)";
				CODE_SIGN_STYLE = Automatic;
				CURRENT_PROJECT_VERSION = 1;
				GENERATE_INFOPLIST_FILE = YES;
				IPHONEOS_DEPLOYMENT_TARGET = 16.4;
				MARKETING_VERSION = 1.0;
				PRODUCT_BUNDLE_IDENTIFIER = code.BoilEasyTests;
				PRODUCT_NAME = "$(TARGET_NAME)";
				SWIFT_EMIT_LOC_STRINGS = NO;
				SWIFT_VERSION = 5.0;
				TARGETED_DEVICE_FAMILY = "1,2";
				TEST_HOST = "$(BUILT_PRODUCTS_DIR)/BoilEasy.app/$(BUNDLE_EXECUTABLE_FOLDER_PATH)/BoilEasy";
			};
			name = Release;
		};
		13E3D4822AB8BCB2004B13C7 /* Debug */ = {
			isa = XCBuildConfiguration;
			buildSettings = {
				ALWAYS_EMBED_SWIFT_STANDARD_LIBRARIES = YES;
				CODE_SIGN_STYLE = Automatic;
				CURRENT_PROJECT_VERSION = 1;
				GENERATE_INFOPLIST_FILE = YES;
				MARKETING_VERSION = 1.0;
				PRODUCT_BUNDLE_IDENTIFIER = code.BoilEasyUITests;
				PRODUCT_NAME = "$(TARGET_NAME)";
				SWIFT_EMIT_LOC_STRINGS = NO;
				SWIFT_VERSION = 5.0;
				TARGETED_DEVICE_FAMILY = "1,2";
				TEST_TARGET_NAME = BoilEasy;
			};
			name = Debug;
		};
		13E3D4832AB8BCB2004B13C7 /* Release */ = {
			isa = XCBuildConfiguration;
			buildSettings = {
				ALWAYS_EMBED_SWIFT_STANDARD_LIBRARIES = YES;
				CODE_SIGN_STYLE = Automatic;
				CURRENT_PROJECT_VERSION = 1;
				GENERATE_INFOPLIST_FILE = YES;
				MARKETING_VERSION = 1.0;
				PRODUCT_BUNDLE_IDENTIFIER = code.BoilEasyUITests;
				PRODUCT_NAME = "$(TARGET_NAME)";
				SWIFT_EMIT_LOC_STRINGS = NO;
				SWIFT_VERSION = 5.0;
				TARGETED_DEVICE_FAMILY = "1,2";
				TEST_TARGET_NAME = BoilEasy;
			};
			name = Release;
		};
/* End XCBuildConfiguration section */

/* Begin XCConfigurationList section */
		13E3D4492AB8BCB1004B13C7 /* Build configuration list for PBXProject "BoilEasy" */ = {
			isa = XCConfigurationList;
			buildConfigurations = (
				13E3D4792AB8BCB2004B13C7 /* Debug */,
				13E3D47A2AB8BCB2004B13C7 /* Release */,
			);
			defaultConfigurationIsVisible = 0;
			defaultConfigurationName = Release;
		};
		13E3D47B2AB8BCB2004B13C7 /* Build configuration list for PBXNativeTarget "BoilEasy" */ = {
			isa = XCConfigurationList;
			buildConfigurations = (
				13E3D47C2AB8BCB2004B13C7 /* Debug */,
				13E3D47D2AB8BCB2004B13C7 /* Release */,
			);
			defaultConfigurationIsVisible = 0;
			defaultConfigurationName = Release;
		};
		13E3D47E2AB8BCB2004B13C7 /* Build configuration list for PBXNativeTarget "BoilEasyTests" */ = {
			isa = XCConfigurationList;
			buildConfigurations = (
				13E3D47F2AB8BCB2004B13C7 /* Debug */,
				13E3D4802AB8BCB2004B13C7 /* Release */,
			);
			defaultConfigurationIsVisible = 0;
			defaultConfigurationName = Release;
		};
		13E3D4812AB8BCB2004B13C7 /* Build configuration list for PBXNativeTarget "BoilEasyUITests" */ = {
			isa = XCConfigurationList;
			buildConfigurations = (
				13E3D4822AB8BCB2004B13C7 /* Debug */,
				13E3D4832AB8BCB2004B13C7 /* Release */,
			);
			defaultConfigurationIsVisible = 0;
			defaultConfigurationName = Release;
		};
/* End XCConfigurationList section */

/* Begin XCVersionGroup section */
		13E3D45A2AB8BCB1004B13C7 /* BoilEasy.xcdatamodeld */ = {
			isa = XCVersionGroup;
			children = (
				13E3D45B2AB8BCB1004B13C7 /* BoilEasy.xcdatamodel */,
			);
			currentVersion = 13E3D45B2AB8BCB1004B13C7 /* BoilEasy.xcdatamodel */;
			path = BoilEasy.xcdatamodeld;
			sourceTree = "<group>";
			versionGroupType = wrapper.xcdatamodel;
		};
/* End XCVersionGroup section */
	};
	rootObject = 13E3D4462AB8BCB1004B13C7 /* Project object */;
}
