// !$*UTF8*$!
{
	archiveVersion = 1;
	classes = {
	};
	objectVersion = 56;
	objects = {

/* Begin PBXBuildFile section */
		1355641D2AB8CB7300B90AB3 /* text.swift in Sources */ = {isa = PBXBuildFile; fileRef = 1355641C2AB8CB7300B90AB3 /* text.swift */; };
		139057132ABA5D7C00EF40FE /* CustomFonts.swift in Sources */ = {isa = PBXBuildFile; fileRef = 139057122ABA5D7B00EF40FE /* CustomFonts.swift */; };
		139057192ABA5DB700EF40FE /* SFUIText-Medium.ttf in Resources */ = {isa = PBXBuildFile; fileRef = 139057142ABA5DB600EF40FE /* SFUIText-Medium.ttf */; };
		1390571A2ABA5DB700EF40FE /* SFUIText-Bold.ttf in Resources */ = {isa = PBXBuildFile; fileRef = 139057152ABA5DB600EF40FE /* SFUIText-Bold.ttf */; };
		1390571B2ABA5DB700EF40FE /* SFUIText-Heavy.ttf in Resources */ = {isa = PBXBuildFile; fileRef = 139057162ABA5DB700EF40FE /* SFUIText-Heavy.ttf */; };
		1390571C2ABA5DB700EF40FE /* SFUIText-Light.ttf in Resources */ = {isa = PBXBuildFile; fileRef = 139057172ABA5DB700EF40FE /* SFUIText-Light.ttf */; };
		1390571D2ABA5DB700EF40FE /* SFUIText-Regular.ttf in Resources */ = {isa = PBXBuildFile; fileRef = 139057182ABA5DB700EF40FE /* SFUIText-Regular.ttf */; };
		13E3D4522AB8BCB1004B13C7 /* AppDelegate.swift in Sources */ = {isa = PBXBuildFile; fileRef = 13E3D4512AB8BCB1004B13C7 /* AppDelegate.swift */; };
		13E3D4542AB8BCB1004B13C7 /* SceneDelegate.swift in Sources */ = {isa = PBXBuildFile; fileRef = 13E3D4532AB8BCB1004B13C7 /* SceneDelegate.swift */; };
		13E3D45C2AB8BCB1004B13C7 /* BoilEasy.xcdatamodeld in Sources */ = {isa = PBXBuildFile; fileRef = 13E3D45A2AB8BCB1004B13C7 /* BoilEasy.xcdatamodeld */; };
		13E3D45E2AB8BCB2004B13C7 /* Assets.xcassets in Resources */ = {isa = PBXBuildFile; fileRef = 13E3D45D2AB8BCB2004B13C7 /* Assets.xcassets */; };
		13E3D46C2AB8BCB2004B13C7 /* BoilEasyTests.swift in Sources */ = {isa = PBXBuildFile; fileRef = 13E3D46B2AB8BCB2004B13C7 /* BoilEasyTests.swift */; };
		13E3D4762AB8BCB2004B13C7 /* BoilEasyUITests.swift in Sources */ = {isa = PBXBuildFile; fileRef = 13E3D4752AB8BCB2004B13C7 /* BoilEasyUITests.swift */; };
		13E3D4782AB8BCB2004B13C7 /* BoilEasyUITestsLaunchTests.swift in Sources */ = {isa = PBXBuildFile; fileRef = 13E3D4772AB8BCB2004B13C7 /* BoilEasyUITestsLaunchTests.swift */; };
		13E3D4892AB8BD55004B13C7 /* MainViewController.swift in Sources */ = {isa = PBXBuildFile; fileRef = 13E3D4882AB8BD55004B13C7 /* MainViewController.swift */; };
		9070E2D6F49E79212612227A /* Pods_BoilEasy_BoilEasyUITests.framework in Frameworks */ = {isa = PBXBuildFile; fileRef = 1353CA138CFD587DEEA68788 /* Pods_BoilEasy_BoilEasyUITests.framework */; };
		C917621AE2BB8E5F4004D33F /* Pods_BoilEasy.framework in Frameworks */ = {isa = PBXBuildFile; fileRef = D29232183EB2A7B64D7A56A1 /* Pods_BoilEasy.framework */; };
		EE76B0BDD43782C3ACF4BFA6 /* Pods_BoilEasyTests.framework in Frameworks */ = {isa = PBXBuildFile; fileRef = F2023A9EC49536EB24DE2A4F /* Pods_BoilEasyTests.framework */; };
/* End PBXBuildFile section */

/* Begin PBXContainerItemProxy section */
		13E3D4682AB8BCB2004B13C7 /* PBXContainerItemProxy */ = {
			isa = PBXContainerItemProxy;
			containerPortal = 13E3D4462AB8BCB1004B13C7 /* Project object */;
			proxyType = 1;
			remoteGlobalIDString = 13E3D44D2AB8BCB1004B13C7;
			remoteInfo = BoilEasy;
		};
		13E3D4722AB8BCB2004B13C7 /* PBXContainerItemProxy */ = {
			isa = PBXContainerItemProxy;
			containerPortal = 13E3D4462AB8BCB1004B13C7 /* Project object */;
			proxyType = 1;
			remoteGlobalIDString = 13E3D44D2AB8BCB1004B13C7;
			remoteInfo = BoilEasy;
		};
/* End PBXContainerItemProxy section */

/* Begin PBXFileReference section */
		1353CA138CFD587DEEA68788 /* Pods_BoilEasy_BoilEasyUITests.framework */ = {isa = PBXFileReference; explicitFileType = wrapper.framework; includeInIndex = 0; path = Pods_BoilEasy_BoilEasyUITests.framework; sourceTree = BUILT_PRODUCTS_DIR; };
		1355641C2AB8CB7300B90AB3 /* text.swift */ = {isa = PBXFileReference; lastKnownFileType = sourcecode.swift; path = text.swift; sourceTree = "<group>"; };
		139057122ABA5D7B00EF40FE /* CustomFonts.swift */ = {isa = PBXFileReference; lastKnownFileType = sourcecode.swift; path = CustomFonts.swift; sourceTree = "<group>"; };
		139057142ABA5DB600EF40FE /* SFUIText-Medium.ttf */ = {isa = PBXFileReference; lastKnownFileType = file; path = "SFUIText-Medium.ttf"; sourceTree = "<group>"; };
		139057152ABA5DB600EF40FE /* SFUIText-Bold.ttf */ = {isa = PBXFileReference; lastKnownFileType = file; path = "SFUIText-Bold.ttf"; sourceTree = "<group>"; };
		139057162ABA5DB700EF40FE /* SFUIText-Heavy.ttf */ = {isa = PBXFileReference; lastKnownFileType = file; path = "SFUIText-Heavy.ttf"; sourceTree = "<group>"; };
		139057172ABA5DB700EF40FE /* SFUIText-Light.ttf */ = {isa = PBXFileReference; lastKnownFileType = file; path = "SFUIText-Light.ttf"; sourceTree = "<group>"; };
		139057182ABA5DB700EF40FE /* SFUIText-Regular.ttf */ = {isa = PBXFileReference; lastKnownFileType = file; path = "SFUIText-Regular.ttf"; sourceTree = "<group>"; };
		13E3D44E2AB8BCB1004B13C7 /* BoilEasy.app */ = {isa = PBXFileReference; explicitFileType = wrapper.application; includeInIndex = 0; path = BoilEasy.app; sourceTree = BUILT_PRODUCTS_DIR; };
		13E3D4512AB8BCB1004B13C7 /* AppDelegate.swift */ = {isa = PBXFileReference; lastKnownFileType = sourcecode.swift; path = AppDelegate.swift; sourceTree = "<group>"; };
		13E3D4532AB8BCB1004B13C7 /* SceneDelegate.swift */ = {isa = PBXFileReference; lastKnownFileType = sourcecode.swift; path = SceneDelegate.swift; sourceTree = "<group>"; };
		13E3D45B2AB8BCB1004B13C7 /* BoilEasy.xcdatamodel */ = {isa = PBXFileReference; lastKnownFileType = wrapper.xcdatamodel; path = BoilEasy.xcdatamodel; sourceTree = "<group>"; };
		13E3D45D2AB8BCB2004B13C7 /* Assets.xcassets */ = {isa = PBXFileReference; lastKnownFileType = folder.assetcatalog; path = Assets.xcassets; sourceTree = "<group>"; };
		13E3D4622AB8BCB2004B13C7 /* Info.plist */ = {isa = PBXFileReference; lastKnownFileType = text.plist.xml; path = Info.plist; sourceTree = "<group>"; };
		13E3D4672AB8BCB2004B13C7 /* BoilEasyTests.xctest */ = {isa = PBXFileReference; explicitFileType = wrapper.cfbundle; includeInIndex = 0; path = BoilEasyTests.xctest; sourceTree = BUILT_PRODUCTS_DIR; };
		13E3D46B2AB8BCB2004B13C7 /* BoilEasyTests.swift */ = {isa = PBXFileReference; lastKnownFileType = sourcecode.swift; path = BoilEasyTests.swift; sourceTree = "<group>"; };
		13E3D4712AB8BCB2004B13C7 /* BoilEasyUITests.xctest */ = {isa = PBXFileReference; explicitFileType = wrapper.cfbundle; includeInIndex = 0; path = BoilEasyUITests.xctest; sourceTree = BUILT_PRODUCTS_DIR; };
		13E3D4752AB8BCB2004B13C7 /* BoilEasyUITests.swift */ = {isa = PBXFileReference; lastKnownFileType = sourcecode.swift; path = BoilEasyUITests.swift; sourceTree = "<group>"; };
		13E3D4772AB8BCB2004B13C7 /* BoilEasyUITestsLaunchTests.swift */ = {isa = PBXFileReference; lastKnownFileType = sourcecode.swift; path = BoilEasyUITestsLaunchTests.swift; sourceTree = "<group>"; };
		13E3D4882AB8BD55004B13C7 /* MainViewController.swift */ = {isa = PBXFileReference; lastKnownFileType = sourcecode.swift; path = MainViewController.swift; sourceTree = "<group>"; };
		188A5E56635D58B6F1B0A9DC /* Pods-BoilEasy-BoilEasyUITests.debug.xcconfig */ = {isa = PBXFileReference; includeInIndex = 1; lastKnownFileType = text.xcconfig; name = "Pods-BoilEasy-BoilEasyUITests.debug.xcconfig"; path = "Target Support Files/Pods-BoilEasy-BoilEasyUITests/Pods-BoilEasy-BoilEasyUITests.debug.xcconfig"; sourceTree = "<group>"; };
		36E5CADAE52577629B9012A3 /* Pods-BoilEasyTests.release.xcconfig */ = {isa = PBXFileReference; includeInIndex = 1; lastKnownFileType = text.xcconfig; name = "Pods-BoilEasyTests.release.xcconfig"; path = "Target Support Files/Pods-BoilEasyTests/Pods-BoilEasyTests.release.xcconfig"; sourceTree = "<group>"; };
		5EA88A2FA5BA425F665BDFC0 /* Pods-BoilEasyTests.debug.xcconfig */ = {isa = PBXFileReference; includeInIndex = 1; lastKnownFileType = text.xcconfig; name = "Pods-BoilEasyTests.debug.xcconfig"; path = "Target Support Files/Pods-BoilEasyTests/Pods-BoilEasyTests.debug.xcconfig"; sourceTree = "<group>"; };
		C140D73144EE595269A1033C /* Pods-BoilEasy-BoilEasyUITests.release.xcconfig */ = {isa = PBXFileReference; includeInIndex = 1; lastKnownFileType = text.xcconfig; name = "Pods-BoilEasy-BoilEasyUITests.release.xcconfig"; path = "Target Support Files/Pods-BoilEasy-BoilEasyUITests/Pods-BoilEasy-BoilEasyUITests.release.xcconfig"; sourceTree = "<group>"; };
		CA9E4FDF1A444FFE78E8CF1B /* Pods-BoilEasy.debug.xcconfig */ = {isa = PBXFileReference; includeInIndex = 1; lastKnownFileType = text.xcconfig; name = "Pods-BoilEasy.debug.xcconfig"; path = "Target Support Files/Pods-BoilEasy/Pods-BoilEasy.debug.xcconfig"; sourceTree = "<group>"; };
		D29232183EB2A7B64D7A56A1 /* Pods_BoilEasy.framework */ = {isa = PBXFileReference; explicitFileType = wrapper.framework; includeInIndex = 0; path = Pods_BoilEasy.framework; sourceTree = BUILT_PRODUCTS_DIR; };
		F2023A9EC49536EB24DE2A4F /* Pods_BoilEasyTests.framework */ = {isa = PBXFileReference; explicitFileType = wrapper.framework; includeInIndex = 0; path = Pods_BoilEasyTests.framework; sourceTree = BUILT_PRODUCTS_DIR; };
		F6D6413B1DCEEA12A79F484E /* Pods-BoilEasy.release.xcconfig */ = {isa = PBXFileReference; includeInIndex = 1; lastKnownFileType = text.xcconfig; name = "Pods-BoilEasy.release.xcconfig"; path = "Target Support Files/Pods-BoilEasy/Pods-BoilEasy.release.xcconfig"; sourceTree = "<group>"; };
/* End PBXFileReference section */

/* Begin PBXFrameworksBuildPhase section */
		13E3D44B2AB8BCB1004B13C7 /* Frameworks */ = {
			isa = PBXFrameworksBuildPhase;
			buildActionMask = 2147483647;
			files = (
				C917621AE2BB8E5F4004D33F /* Pods_BoilEasy.framework in Frameworks */,
			);
			runOnlyForDeploymentPostprocessing = 0;
		};
		13E3D4642AB8BCB2004B13C7 /* Frameworks */ = {
			isa = PBXFrameworksBuildPhase;
			buildActionMask = 2147483647;
			files = (
				EE76B0BDD43782C3ACF4BFA6 /* Pods_BoilEasyTests.framework in Frameworks */,
			);
			runOnlyForDeploymentPostprocessing = 0;
		};
		13E3D46E2AB8BCB2004B13C7 /* Frameworks */ = {
			isa = PBXFrameworksBuildPhase;
			buildActionMask = 2147483647;
			files = (
				9070E2D6F49E79212612227A /* Pods_BoilEasy_BoilEasyUITests.framework in Frameworks */,
			);
			runOnlyForDeploymentPostprocessing = 0;
		};
/* End PBXFrameworksBuildPhase section */

/* Begin PBXGroup section */
		13E3D4452AB8BCB1004B13C7 = {
			isa = PBXGroup;
			children = (
				13E3D4502AB8BCB1004B13C7 /* BoilEasy */,
				13E3D46A2AB8BCB2004B13C7 /* BoilEasyTests */,
				13E3D4742AB8BCB2004B13C7 /* BoilEasyUITests */,
				13E3D44F2AB8BCB1004B13C7 /* Products */,
				60090E0EE40F6238E7C0CA52 /* Pods */,
				9A037E73D6087D811F9A617B /* Frameworks */,
			);
			sourceTree = "<group>";
		};
		13E3D44F2AB8BCB1004B13C7 /* Products */ = {
			isa = PBXGroup;
			children = (
				13E3D44E2AB8BCB1004B13C7 /* BoilEasy.app */,
				13E3D4672AB8BCB2004B13C7 /* BoilEasyTests.xctest */,
				13E3D4712AB8BCB2004B13C7 /* BoilEasyUITests.xctest */,
			);
			name = Products;
			sourceTree = "<group>";
		};
		13E3D4502AB8BCB1004B13C7 /* BoilEasy */ = {
			isa = PBXGroup;
			children = (
				13E3D4862AB8BD0A004B13C7 /* Resources */,
				13E3D4852AB8BD03004B13C7 /* Application */,
				13E3D4842AB8BCFC004B13C7 /* Controllers */,
			);
			path = BoilEasy;
			sourceTree = "<group>";
		};
		13E3D46A2AB8BCB2004B13C7 /* BoilEasyTests */ = {
			isa = PBXGroup;
			children = (
				13E3D46B2AB8BCB2004B13C7 /* BoilEasyTests.swift */,
			);
			path = BoilEasyTests;
			sourceTree = "<group>";
		};
		13E3D4742AB8BCB2004B13C7 /* BoilEasyUITests */ = {
			isa = PBXGroup;
			children = (
				13E3D4752AB8BCB2004B13C7 /* BoilEasyUITests.swift */,
				13E3D4772AB8BCB2004B13C7 /* BoilEasyUITestsLaunchTests.swift */,
			);
			path = BoilEasyUITests;
			sourceTree = "<group>";
		};
		13E3D4842AB8BCFC004B13C7 /* Controllers */ = {
			isa = PBXGroup;
			children = (
				13E3D4882AB8BD55004B13C7 /* MainViewController.swift */,
				1355641C2AB8CB7300B90AB3 /* text.swift */,
			);
			path = Controllers;
			sourceTree = "<group>";
		};
		13E3D4852AB8BD03004B13C7 /* Application */ = {
			isa = PBXGroup;
			children = (
				13E3D4512AB8BCB1004B13C7 /* AppDelegate.swift */,
				13E3D4532AB8BCB1004B13C7 /* SceneDelegate.swift */,
			);
			path = Application;
			sourceTree = "<group>";
		};
		13E3D4862AB8BD0A004B13C7 /* Resources */ = {
			isa = PBXGroup;
			children = (
				13E3D4872AB8BD1E004B13C7 /* Fonts */,
				13E3D45D2AB8BCB2004B13C7 /* Assets.xcassets */,
				13E3D4622AB8BCB2004B13C7 /* Info.plist */,
				13E3D45A2AB8BCB1004B13C7 /* BoilEasy.xcdatamodeld */,
			);
			path = Resources;
			sourceTree = "<group>";
		};
		13E3D4872AB8BD1E004B13C7 /* Fonts */ = {
			isa = PBXGroup;
			children = (
				139057152ABA5DB600EF40FE /* SFUIText-Bold.ttf */,
				139057162ABA5DB700EF40FE /* SFUIText-Heavy.ttf */,
				139057172ABA5DB700EF40FE /* SFUIText-Light.ttf */,
				139057142ABA5DB600EF40FE /* SFUIText-Medium.ttf */,
				139057182ABA5DB700EF40FE /* SFUIText-Regular.ttf */,
				139057122ABA5D7B00EF40FE /* CustomFonts.swift */,
			);
			path = Fonts;
			sourceTree = "<group>";
		};
		60090E0EE40F6238E7C0CA52 /* Pods */ = {
			isa = PBXGroup;
			children = (
				CA9E4FDF1A444FFE78E8CF1B /* Pods-BoilEasy.debug.xcconfig */,
				F6D6413B1DCEEA12A79F484E /* Pods-BoilEasy.release.xcconfig */,
				188A5E56635D58B6F1B0A9DC /* Pods-BoilEasy-BoilEasyUITests.debug.xcconfig */,
				C140D73144EE595269A1033C /* Pods-BoilEasy-BoilEasyUITests.release.xcconfig */,
				5EA88A2FA5BA425F665BDFC0 /* Pods-BoilEasyTests.debug.xcconfig */,
				36E5CADAE52577629B9012A3 /* Pods-BoilEasyTests.release.xcconfig */,
			);
			path = Pods;
			sourceTree = "<group>";
		};
		9A037E73D6087D811F9A617B /* Frameworks */ = {
			isa = PBXGroup;
			children = (
				D29232183EB2A7B64D7A56A1 /* Pods_BoilEasy.framework */,
				1353CA138CFD587DEEA68788 /* Pods_BoilEasy_BoilEasyUITests.framework */,
				F2023A9EC49536EB24DE2A4F /* Pods_BoilEasyTests.framework */,
			);
			name = Frameworks;
			sourceTree = "<group>";
		};
/* End PBXGroup section */

/* Begin PBXNativeTarget section */
		13E3D44D2AB8BCB1004B13C7 /* BoilEasy */ = {
			isa = PBXNativeTarget;
			buildConfigurationList = 13E3D47B2AB8BCB2004B13C7 /* Build configuration list for PBXNativeTarget "BoilEasy" */;
			buildPhases = (
				2FC312D50832616115375D39 /* [CP] Check Pods Manifest.lock */,
				13E3D44A2AB8BCB1004B13C7 /* Sources */,
				13E3D44B2AB8BCB1004B13C7 /* Frameworks */,
				13E3D44C2AB8BCB1004B13C7 /* Resources */,
				FF5C46D688589A6BA8495847 /* [CP] Embed Pods Frameworks */,
			);
			buildRules = (
			);
			dependencies = (
			);
			name = BoilEasy;
			productName = BoilEasy;
			productReference = 13E3D44E2AB8BCB1004B13C7 /* BoilEasy.app */;
			productType = "com.apple.product-type.application";
		};
		13E3D4662AB8BCB2004B13C7 /* BoilEasyTests */ = {
			isa = PBXNativeTarget;
			buildConfigurationList = 13E3D47E2AB8BCB2004B13C7 /* Build configuration list for PBXNativeTarget "BoilEasyTests" */;
			buildPhases = (
				810D36D50C3CE9D7927CDD61 /* [CP] Check Pods Manifest.lock */,
				13E3D4632AB8BCB2004B13C7 /* Sources */,
				13E3D4642AB8BCB2004B13C7 /* Frameworks */,
				13E3D4652AB8BCB2004B13C7 /* Resources */,
			);
			buildRules = (
			);
			dependencies = (
				13E3D4692AB8BCB2004B13C7 /* PBXTargetDependency */,
			);
			name = BoilEasyTests;
			productName = BoilEasyTests;
			productReference = 13E3D4672AB8BCB2004B13C7 /* BoilEasyTests.xctest */;
			productType = "com.apple.product-type.bundle.unit-test";
		};
		13E3D4702AB8BCB2004B13C7 /* BoilEasyUITests */ = {
			isa = PBXNativeTarget;
			buildConfigurationList = 13E3D4812AB8BCB2004B13C7 /* Build configuration list for PBXNativeTarget "BoilEasyUITests" */;
			buildPhases = (
				E07027DEC3E4C8AD0BAA8513 /* [CP] Check Pods Manifest.lock */,
				13E3D46D2AB8BCB2004B13C7 /* Sources */,
				13E3D46E2AB8BCB2004B13C7 /* Frameworks */,
				13E3D46F2AB8BCB2004B13C7 /* Resources */,
				DB31AD287C2919479B88A058 /* [CP] Embed Pods Frameworks */,
			);
			buildRules = (
			);
			dependencies = (
				13E3D4732AB8BCB2004B13C7 /* PBXTargetDependency */,
			);
			name = BoilEasyUITests;
			productName = BoilEasyUITests;
			productReference = 13E3D4712AB8BCB2004B13C7 /* BoilEasyUITests.xctest */;
			productType = "com.apple.product-type.bundle.ui-testing";
		};
/* End PBXNativeTarget section */

/* Begin PBXProject section */
		13E3D4462AB8BCB1004B13C7 /* Project object */ = {
			isa = PBXProject;
			attributes = {
				BuildIndependentTargetsInParallel = 1;
				LastSwiftUpdateCheck = 1430;
				LastUpgradeCheck = 1430;
				TargetAttributes = {
					13E3D44D2AB8BCB1004B13C7 = {
						CreatedOnToolsVersion = 14.3.1;
					};
					13E3D4662AB8BCB2004B13C7 = {
						CreatedOnToolsVersion = 14.3.1;
						TestTargetID = 13E3D44D2AB8BCB1004B13C7;
					};
					13E3D4702AB8BCB2004B13C7 = {
						CreatedOnToolsVersion = 14.3.1;
						TestTargetID = 13E3D44D2AB8BCB1004B13C7;
					};
				};
			};
			buildConfigurationList = 13E3D4492AB8BCB1004B13C7 /* Build configuration list for PBXProject "BoilEasy" */;
			compatibilityVersion = "Xcode 14.0";
			developmentRegion = en;
			hasScannedForEncodings = 0;
			knownRegions = (
				en,
				Base,
			);
			mainGroup = 13E3D4452AB8BCB1004B13C7;
			productRefGroup = 13E3D44F2AB8BCB1004B13C7 /* Products */;
			projectDirPath = "";
			projectRoot = "";
			targets = (
				13E3D44D2AB8BCB1004B13C7 /* BoilEasy */,
				13E3D4662AB8BCB2004B13C7 /* BoilEasyTests */,
				13E3D4702AB8BCB2004B13C7 /* BoilEasyUITests */,
			);
		};
/* End PBXProject section */

/* Begin PBXResourcesBuildPhase section */
		13E3D44C2AB8BCB1004B13C7 /* Resources */ = {
			isa = PBXResourcesBuildPhase;
			buildActionMask = 2147483647;
			files = (
				1390571C2ABA5DB700EF40FE /* SFUIText-Light.ttf in Resources */,
				1390571B2ABA5DB700EF40FE /* SFUIText-Heavy.ttf in Resources */,
				13E3D45E2AB8BCB2004B13C7 /* Assets.xcassets in Resources */,
				1390571D2ABA5DB700EF40FE /* SFUIText-Regular.ttf in Resources */,
				139057192ABA5DB700EF40FE /* SFUIText-Medium.ttf in Resources */,
				1390571A2ABA5DB700EF40FE /* SFUIText-Bold.ttf in Resources */,
			);
			runOnlyForDeploymentPostprocessing = 0;
		};
		13E3D4652AB8BCB2004B13C7 /* Resources */ = {
			isa = PBXResourcesBuildPhase;
			buildActionMask = 2147483647;
			files = (
			);
			runOnlyForDeploymentPostprocessing = 0;
		};
		13E3D46F2AB8BCB2004B13C7 /* Resources */ = {
			isa = PBXResourcesBuildPhase;
			buildActionMask = 2147483647;
			files = (
			);
			runOnlyForDeploymentPostprocessing = 0;
		};
/* End PBXResourcesBuildPhase section */

/* Begin PBXShellScriptBuildPhase section */
		2FC312D50832616115375D39 /* [CP] Check Pods Manifest.lock */ = {
			isa = PBXShellScriptBuildPhase;
			buildActionMask = 2147483647;
			files = (
			);
			inputFileListPaths = (
			);
			inputPaths = (
				"${PODS_PODFILE_DIR_PATH}/Podfile.lock",
				"${PODS_ROOT}/Manifest.lock",
			);
			name = "[CP] Check Pods Manifest.lock";
			outputFileListPaths = (
			);
			outputPaths = (
				"$(DERIVED_FILE_DIR)/Pods-BoilEasy-checkManifestLockResult.txt",
			);
			runOnlyForDeploymentPostprocessing = 0;
			shellPath = /bin/sh;
			shellScript = "diff \"${PODS_PODFILE_DIR_PATH}/Podfile.lock\" \"${PODS_ROOT}/Manifest.lock\" > /dev/null\nif [ $? != 0 ] ; then\n    # print error to STDERR\n    echo \"error: The sandbox is not in sync with the Podfile.lock. Run 'pod install' or update your CocoaPods installation.\" >&2\n    exit 1\nfi\n# This output is used by Xcode 'outputs' to avoid re-running this script phase.\necho \"SUCCESS\" > \"${SCRIPT_OUTPUT_FILE_0}\"\n";
			showEnvVarsInLog = 0;
		};
		810D36D50C3CE9D7927CDD61 /* [CP] Check Pods Manifest.lock */ = {
			isa = PBXShellScriptBuildPhase;
			buildActionMask = 2147483647;
			files = (
			);
			inputFileListPaths = (
			);
			inputPaths = (
				"${PODS_PODFILE_DIR_PATH}/Podfile.lock",
				"${PODS_ROOT}/Manifest.lock",
			);
			name = "[CP] Check Pods Manifest.lock";
			outputFileListPaths = (
			);
			outputPaths = (
				"$(DERIVED_FILE_DIR)/Pods-BoilEasyTests-checkManifestLockResult.txt",
			);
			runOnlyForDeploymentPostprocessing = 0;
			shellPath = /bin/sh;
			shellScript = "diff \"${PODS_PODFILE_DIR_PATH}/Podfile.lock\" \"${PODS_ROOT}/Manifest.lock\" > /dev/null\nif [ $? != 0 ] ; then\n    # print error to STDERR\n    echo \"error: The sandbox is not in sync with the Podfile.lock. Run 'pod install' or update your CocoaPods installation.\" >&2\n    exit 1\nfi\n# This output is used by Xcode 'outputs' to avoid re-running this script phase.\necho \"SUCCESS\" > \"${SCRIPT_OUTPUT_FILE_0}\"\n";
			showEnvVarsInLog = 0;
		};
		DB31AD287C2919479B88A058 /* [CP] Embed Pods Frameworks */ = {
			isa = PBXShellScriptBuildPhase;
			buildActionMask = 2147483647;
			files = (
			);
			inputFileListPaths = (
				"${PODS_ROOT}/Target Support Files/Pods-BoilEasy-BoilEasyUITests/Pods-BoilEasy-BoilEasyUITests-frameworks-${CONFIGURATION}-input-files.xcfilelist",
			);
			name = "[CP] Embed Pods Frameworks";
			outputFileListPaths = (
				"${PODS_ROOT}/Target Support Files/Pods-BoilEasy-BoilEasyUITests/Pods-BoilEasy-BoilEasyUITests-frameworks-${CONFIGURATION}-output-files.xcfilelist",
			);
			runOnlyForDeploymentPostprocessing = 0;
			shellPath = /bin/sh;
			shellScript = "\"${PODS_ROOT}/Target Support Files/Pods-BoilEasy-BoilEasyUITests/Pods-BoilEasy-BoilEasyUITests-frameworks.sh\"\n";
			showEnvVarsInLog = 0;
		};
		E07027DEC3E4C8AD0BAA8513 /* [CP] Check Pods Manifest.lock */ = {
			isa = PBXShellScriptBuildPhase;
			buildActionMask = 2147483647;
			files = (
			);
			inputFileListPaths = (
			);
			inputPaths = (
				"${PODS_PODFILE_DIR_PATH}/Podfile.lock",
				"${PODS_ROOT}/Manifest.lock",
			);
			name = "[CP] Check Pods Manifest.lock";
			outputFileListPaths = (
			);
			outputPaths = (
				"$(DERIVED_FILE_DIR)/Pods-BoilEasy-BoilEasyUITests-checkManifestLockResult.txt",
			);
			runOnlyForDeploymentPostprocessing = 0;
			shellPath = /bin/sh;
			shellScript = "diff \"${PODS_PODFILE_DIR_PATH}/Podfile.lock\" \"${PODS_ROOT}/Manifest.lock\" > /dev/null\nif [ $? != 0 ] ; then\n    # print error to STDERR\n    echo \"error: The sandbox is not in sync with the Podfile.lock. Run 'pod install' or update your CocoaPods installation.\" >&2\n    exit 1\nfi\n# This output is used by Xcode 'outputs' to avoid re-running this script phase.\necho \"SUCCESS\" > \"${SCRIPT_OUTPUT_FILE_0}\"\n";
			showEnvVarsInLog = 0;
		};
		FF5C46D688589A6BA8495847 /* [CP] Embed Pods Frameworks */ = {
			isa = PBXShellScriptBuildPhase;
			buildActionMask = 2147483647;
			files = (
			);
			inputFileListPaths = (
				"${PODS_ROOT}/Target Support Files/Pods-BoilEasy/Pods-BoilEasy-frameworks-${CONFIGURATION}-input-files.xcfilelist",
			);
			name = "[CP] Embed Pods Frameworks";
			outputFileListPaths = (
				"${PODS_ROOT}/Target Support Files/Pods-BoilEasy/Pods-BoilEasy-frameworks-${CONFIGURATION}-output-files.xcfilelist",
			);
			runOnlyForDeploymentPostprocessing = 0;
			shellPath = /bin/sh;
			shellScript = "\"${PODS_ROOT}/Target Support Files/Pods-BoilEasy/Pods-BoilEasy-frameworks.sh\"\n";
			showEnvVarsInLog = 0;
		};
/* End PBXShellScriptBuildPhase section */

/* Begin PBXSourcesBuildPhase section */
		13E3D44A2AB8BCB1004B13C7 /* Sources */ = {
			isa = PBXSourcesBuildPhase;
			buildActionMask = 2147483647;
			files = (
				13E3D45C2AB8BCB1004B13C7 /* BoilEasy.xcdatamodeld in Sources */,
				13E3D4522AB8BCB1004B13C7 /* AppDelegate.swift in Sources */,
				13E3D4542AB8BCB1004B13C7 /* SceneDelegate.swift in Sources */,
				139057132ABA5D7C00EF40FE /* CustomFonts.swift in Sources */,
				1355641D2AB8CB7300B90AB3 /* text.swift in Sources */,
				13E3D4892AB8BD55004B13C7 /* MainViewController.swift in Sources */,
			);
			runOnlyForDeploymentPostprocessing = 0;
		};
		13E3D4632AB8BCB2004B13C7 /* Sources */ = {
			isa = PBXSourcesBuildPhase;
			buildActionMask = 2147483647;
			files = (
				13E3D46C2AB8BCB2004B13C7 /* BoilEasyTests.swift in Sources */,
			);
			runOnlyForDeploymentPostprocessing = 0;
		};
		13E3D46D2AB8BCB2004B13C7 /* Sources */ = {
			isa = PBXSourcesBuildPhase;
			buildActionMask = 2147483647;
			files = (
				13E3D4782AB8BCB2004B13C7 /* BoilEasyUITestsLaunchTests.swift in Sources */,
				13E3D4762AB8BCB2004B13C7 /* BoilEasyUITests.swift in Sources */,
			);
			runOnlyForDeploymentPostprocessing = 0;
		};
/* End PBXSourcesBuildPhase section */

/* Begin PBXTargetDependency section */
		13E3D4692AB8BCB2004B13C7 /* PBXTargetDependency */ = {
			isa = PBXTargetDependency;
			target = 13E3D44D2AB8BCB1004B13C7 /* BoilEasy */;
			targetProxy = 13E3D4682AB8BCB2004B13C7 /* PBXContainerItemProxy */;
		};
		13E3D4732AB8BCB2004B13C7 /* PBXTargetDependency */ = {
			isa = PBXTargetDependency;
			target = 13E3D44D2AB8BCB1004B13C7 /* BoilEasy */;
			targetProxy = 13E3D4722AB8BCB2004B13C7 /* PBXContainerItemProxy */;
		};
/* End PBXTargetDependency section */

/* Begin XCBuildConfiguration section */
		13E3D4792AB8BCB2004B13C7 /* Debug */ = {
			isa = XCBuildConfiguration;
			buildSettings = {
				ALWAYS_SEARCH_USER_PATHS = NO;
				CLANG_ANALYZER_NONNULL = YES;
				CLANG_ANALYZER_NUMBER_OBJECT_CONVERSION = YES_AGGRESSIVE;
				CLANG_CXX_LANGUAGE_STANDARD = "gnu++20";
				CLANG_ENABLE_MODULES = YES;
				CLANG_ENABLE_OBJC_ARC = YES;
				CLANG_ENABLE_OBJC_WEAK = YES;
				CLANG_WARN_BLOCK_CAPTURE_AUTORELEASING = YES;
				CLANG_WARN_BOOL_CONVERSION = YES;
				CLANG_WARN_COMMA = YES;
				CLANG_WARN_CONSTANT_CONVERSION = YES;
				CLANG_WARN_DEPRECATED_OBJC_IMPLEMENTATIONS = YES;
				CLANG_WARN_DIRECT_OBJC_ISA_USAGE = YES_ERROR;
				CLANG_WARN_DOCUMENTATION_COMMENTS = YES;
				CLANG_WARN_EMPTY_BODY = YES;
				CLANG_WARN_ENUM_CONVERSION = YES;
				CLANG_WARN_INFINITE_RECURSION = YES;
				CLANG_WARN_INT_CONVERSION = YES;
				CLANG_WARN_NON_LITERAL_NULL_CONVERSION = YES;
				CLANG_WARN_OBJC_IMPLICIT_RETAIN_SELF = YES;
				CLANG_WARN_OBJC_LITERAL_CONVERSION = YES;
				CLANG_WARN_OBJC_ROOT_CLASS = YES_ERROR;
				CLANG_WARN_QUOTED_INCLUDE_IN_FRAMEWORK_HEADER = YES;
				CLANG_WARN_RANGE_LOOP_ANALYSIS = YES;
				CLANG_WARN_STRICT_PROTOTYPES = YES;
				CLANG_WARN_SUSPICIOUS_MOVE = YES;
				CLANG_WARN_UNGUARDED_AVAILABILITY = YES_AGGRESSIVE;
				CLANG_WARN_UNREACHABLE_CODE = YES;
				CLANG_WARN__DUPLICATE_METHOD_MATCH = YES;
				COPY_PHASE_STRIP = NO;
				DEBUG_INFORMATION_FORMAT = dwarf;
				ENABLE_STRICT_OBJC_MSGSEND = YES;
				ENABLE_TESTABILITY = YES;
				GCC_C_LANGUAGE_STANDARD = gnu11;
				GCC_DYNAMIC_NO_PIC = NO;
				GCC_NO_COMMON_BLOCKS = YES;
				GCC_OPTIMIZATION_LEVEL = 0;
				GCC_PREPROCESSOR_DEFINITIONS = (
					"DEBUG=1",
					"$(inherited)",
				);
				GCC_WARN_64_TO_32_BIT_CONVERSION = YES;
				GCC_WARN_ABOUT_RETURN_TYPE = YES_ERROR;
				GCC_WARN_UNDECLARED_SELECTOR = YES;
				GCC_WARN_UNINITIALIZED_AUTOS = YES_AGGRESSIVE;
				GCC_WARN_UNUSED_FUNCTION = YES;
				GCC_WARN_UNUSED_VARIABLE = YES;
				IPHONEOS_DEPLOYMENT_TARGET = 13.0;
				MTL_ENABLE_DEBUG_INFO = INCLUDE_SOURCE;
				MTL_FAST_MATH = YES;
				ONLY_ACTIVE_ARCH = YES;
				SDKROOT = iphoneos;
				SWIFT_ACTIVE_COMPILATION_CONDITIONS = DEBUG;
				SWIFT_OPTIMIZATION_LEVEL = "-Onone";
			};
			name = Debug;
		};
		13E3D47A2AB8BCB2004B13C7 /* Release */ = {
			isa = XCBuildConfiguration;
			buildSettings = {
				ALWAYS_SEARCH_USER_PATHS = NO;
				CLANG_ANALYZER_NONNULL = YES;
				CLANG_ANALYZER_NUMBER_OBJECT_CONVERSION = YES_AGGRESSIVE;
				CLANG_CXX_LANGUAGE_STANDARD = "gnu++20";
				CLANG_ENABLE_MODULES = YES;
				CLANG_ENABLE_OBJC_ARC = YES;
				CLANG_ENABLE_OBJC_WEAK = YES;
				CLANG_WARN_BLOCK_CAPTURE_AUTORELEASING = YES;
				CLANG_WARN_BOOL_CONVERSION = YES;
				CLANG_WARN_COMMA = YES;
				CLANG_WARN_CONSTANT_CONVERSION = YES;
				CLANG_WARN_DEPRECATED_OBJC_IMPLEMENTATIONS = YES;
				CLANG_WARN_DIRECT_OBJC_ISA_USAGE = YES_ERROR;
				CLANG_WARN_DOCUMENTATION_COMMENTS = YES;
				CLANG_WARN_EMPTY_BODY = YES;
				CLANG_WARN_ENUM_CONVERSION = YES;
				CLANG_WARN_INFINITE_RECURSION = YES;
				CLANG_WARN_INT_CONVERSION = YES;
				CLANG_WARN_NON_LITERAL_NULL_CONVERSION = YES;
				CLANG_WARN_OBJC_IMPLICIT_RETAIN_SELF = YES;
				CLANG_WARN_OBJC_LITERAL_CONVERSION = YES;
				CLANG_WARN_OBJC_ROOT_CLASS = YES_ERROR;
				CLANG_WARN_QUOTED_INCLUDE_IN_FRAMEWORK_HEADER = YES;
				CLANG_WARN_RANGE_LOOP_ANALYSIS = YES;
				CLANG_WARN_STRICT_PROTOTYPES = YES;
				CLANG_WARN_SUSPICIOUS_MOVE = YES;
				CLANG_WARN_UNGUARDED_AVAILABILITY = YES_AGGRESSIVE;
				CLANG_WARN_UNREACHABLE_CODE = YES;
				CLANG_WARN__DUPLICATE_METHOD_MATCH = YES;
				COPY_PHASE_STRIP = NO;
				DEBUG_INFORMATION_FORMAT = "dwarf-with-dsym";
				ENABLE_NS_ASSERTIONS = NO;
				ENABLE_STRICT_OBJC_MSGSEND = YES;
				GCC_C_LANGUAGE_STANDARD = gnu11;
				GCC_NO_COMMON_BLOCKS = YES;
				GCC_WARN_64_TO_32_BIT_CONVERSION = YES;
				GCC_WARN_ABOUT_RETURN_TYPE = YES_ERROR;
				GCC_WARN_UNDECLARED_SELECTOR = YES;
				GCC_WARN_UNINITIALIZED_AUTOS = YES_AGGRESSIVE;
				GCC_WARN_UNUSED_FUNCTION = YES;
				GCC_WARN_UNUSED_VARIABLE = YES;
				IPHONEOS_DEPLOYMENT_TARGET = 13.0;
				MTL_ENABLE_DEBUG_INFO = NO;
				MTL_FAST_MATH = YES;
				SDKROOT = iphoneos;
				SWIFT_COMPILATION_MODE = wholemodule;
				SWIFT_OPTIMIZATION_LEVEL = "-O";
				VALIDATE_PRODUCT = YES;
			};
			name = Release;
		};
		13E3D47C2AB8BCB2004B13C7 /* Debug */ = {
			isa = XCBuildConfiguration;
			baseConfigurationReference = CA9E4FDF1A444FFE78E8CF1B /* Pods-BoilEasy.debug.xcconfig */;
			buildSettings = {
				ASSETCATALOG_COMPILER_APPICON_NAME = AppIcon;
				ASSETCATALOG_COMPILER_GLOBAL_ACCENT_COLOR_NAME = AccentColor;
				CODE_SIGN_STYLE = Automatic;
				CURRENT_PROJECT_VERSION = 1;
				GENERATE_INFOPLIST_FILE = YES;
				INFOPLIST_FILE = BoilEasy/Resources/Info.plist;
				INFOPLIST_KEY_LSApplicationCategoryType = "public.app-category.food-and-drink";
				INFOPLIST_KEY_UIApplicationSupportsIndirectInputEvents = YES;
				INFOPLIST_KEY_UILaunchStoryboardName = LaunchScreen;
				INFOPLIST_KEY_UIMainStoryboardFile = "";
				INFOPLIST_KEY_UISupportedInterfaceOrientations = UIInterfaceOrientationPortrait;
				INFOPLIST_KEY_UISupportedInterfaceOrientations_iPad = "UIInterfaceOrientationLandscapeLeft UIInterfaceOrientationLandscapeRight UIInterfaceOrientationPortrait UIInterfaceOrientationPortraitUpsideDown";
				LD_RUNPATH_SEARCH_PATHS = (
					"$(inherited)",
					"@executable_path/Frameworks",
				);
				MARKETING_VERSION = 1.0;
				PRODUCT_BUNDLE_IDENTIFIER = code.BoilEasy;
				PRODUCT_NAME = "$(TARGET_NAME)";
				SUPPORTED_PLATFORMS = "iphoneos iphonesimulator";
				SUPPORTS_MACCATALYST = NO;
				SUPPORTS_MAC_DESIGNED_FOR_IPHONE_IPAD = NO;
				SWIFT_EMIT_LOC_STRINGS = YES;
				SWIFT_VERSION = 5.0;
				TARGETED_DEVICE_FAMILY = 1;
			};
			name = Debug;
		};
		13E3D47D2AB8BCB2004B13C7 /* Release */ = {
			isa = XCBuildConfiguration;
			baseConfigurationReference = F6D6413B1DCEEA12A79F484E /* Pods-BoilEasy.release.xcconfig */;
			buildSettings = {
				ASSETCATALOG_COMPILER_APPICON_NAME = AppIcon;
				ASSETCATALOG_COMPILER_GLOBAL_ACCENT_COLOR_NAME = AccentColor;
				CODE_SIGN_STYLE = Automatic;
				CURRENT_PROJECT_VERSION = 1;
				GENERATE_INFOPLIST_FILE = YES;
				INFOPLIST_FILE = BoilEasy/Resources/Info.plist;
				INFOPLIST_KEY_LSApplicationCategoryType = "public.app-category.food-and-drink";
				INFOPLIST_KEY_UIApplicationSupportsIndirectInputEvents = YES;
				INFOPLIST_KEY_UILaunchStoryboardName = LaunchScreen;
				INFOPLIST_KEY_UIMainStoryboardFile = "";
				INFOPLIST_KEY_UISupportedInterfaceOrientations = UIInterfaceOrientationPortrait;
				INFOPLIST_KEY_UISupportedInterfaceOrientations_iPad = "UIInterfaceOrientationLandscapeLeft UIInterfaceOrientationLandscapeRight UIInterfaceOrientationPortrait UIInterfaceOrientationPortraitUpsideDown";
				LD_RUNPATH_SEARCH_PATHS = (
					"$(inherited)",
					"@executable_path/Frameworks",
				);
				MARKETING_VERSION = 1.0;
				PRODUCT_BUNDLE_IDENTIFIER = code.BoilEasy;
				PRODUCT_NAME = "$(TARGET_NAME)";
				SUPPORTED_PLATFORMS = "iphoneos iphonesimulator";
				SUPPORTS_MACCATALYST = NO;
				SUPPORTS_MAC_DESIGNED_FOR_IPHONE_IPAD = NO;
				SWIFT_EMIT_LOC_STRINGS = YES;
				SWIFT_VERSION = 5.0;
				TARGETED_DEVICE_FAMILY = 1;
			};
			name = Release;
		};
		13E3D47F2AB8BCB2004B13C7 /* Debug */ = {
			isa = XCBuildConfiguration;
			baseConfigurationReference = 5EA88A2FA5BA425F665BDFC0 /* Pods-BoilEasyTests.debug.xcconfig */;
			buildSettings = {
				ALWAYS_EMBED_SWIFT_STANDARD_LIBRARIES = YES;
				BUNDLE_LOADER = "$(TEST_HOST)";
				CODE_SIGN_STYLE = Automatic;
				CURRENT_PROJECT_VERSION = 1;
				GENERATE_INFOPLIST_FILE = YES;
				IPHONEOS_DEPLOYMENT_TARGET = 16.4;
				MARKETING_VERSION = 1.0;
				PRODUCT_BUNDLE_IDENTIFIER = code.BoilEasyTests;
				PRODUCT_NAME = "$(TARGET_NAME)";
				SWIFT_EMIT_LOC_STRINGS = NO;
				SWIFT_VERSION = 5.0;
				TARGETED_DEVICE_FAMILY = "1,2";
				TEST_HOST = "$(BUILT_PRODUCTS_DIR)/BoilEasy.app/$(BUNDLE_EXECUTABLE_FOLDER_PATH)/BoilEasy";
			};
			name = Debug;
		};
		13E3D4802AB8BCB2004B13C7 /* Release */ = {
			isa = XCBuildConfiguration;
			baseConfigurationReference = 36E5CADAE52577629B9012A3 /* Pods-BoilEasyTests.release.xcconfig */;
			buildSettings = {
				ALWAYS_EMBED_SWIFT_STANDARD_LIBRARIES = YES;
				BUNDLE_LOADER = "$(TEST_HOST)";
				CODE_SIGN_STYLE = Automatic;
				CURRENT_PROJECT_VERSION = 1;
				GENERATE_INFOPLIST_FILE = YES;
				IPHONEOS_DEPLOYMENT_TARGET = 16.4;
				MARKETING_VERSION = 1.0;
				PRODUCT_BUNDLE_IDENTIFIER = code.BoilEasyTests;
				PRODUCT_NAME = "$(TARGET_NAME)";
				SWIFT_EMIT_LOC_STRINGS = NO;
				SWIFT_VERSION = 5.0;
				TARGETED_DEVICE_FAMILY = "1,2";
				TEST_HOST = "$(BUILT_PRODUCTS_DIR)/BoilEasy.app/$(BUNDLE_EXECUTABLE_FOLDER_PATH)/BoilEasy";
			};
			name = Release;
		};
		13E3D4822AB8BCB2004B13C7 /* Debug */ = {
			isa = XCBuildConfiguration;
			baseConfigurationReference = 188A5E56635D58B6F1B0A9DC /* Pods-BoilEasy-BoilEasyUITests.debug.xcconfig */;
			buildSettings = {
				ALWAYS_EMBED_SWIFT_STANDARD_LIBRARIES = YES;
				CODE_SIGN_STYLE = Automatic;
				CURRENT_PROJECT_VERSION = 1;
				GENERATE_INFOPLIST_FILE = YES;
				MARKETING_VERSION = 1.0;
				PRODUCT_BUNDLE_IDENTIFIER = code.BoilEasyUITests;
				PRODUCT_NAME = "$(TARGET_NAME)";
				SWIFT_EMIT_LOC_STRINGS = NO;
				SWIFT_VERSION = 5.0;
				TARGETED_DEVICE_FAMILY = "1,2";
				TEST_TARGET_NAME = BoilEasy;
			};
			name = Debug;
		};
		13E3D4832AB8BCB2004B13C7 /* Release */ = {
			isa = XCBuildConfiguration;
			baseConfigurationReference = C140D73144EE595269A1033C /* Pods-BoilEasy-BoilEasyUITests.release.xcconfig */;
			buildSettings = {
				ALWAYS_EMBED_SWIFT_STANDARD_LIBRARIES = YES;
				CODE_SIGN_STYLE = Automatic;
				CURRENT_PROJECT_VERSION = 1;
				GENERATE_INFOPLIST_FILE = YES;
				MARKETING_VERSION = 1.0;
				PRODUCT_BUNDLE_IDENTIFIER = code.BoilEasyUITests;
				PRODUCT_NAME = "$(TARGET_NAME)";
				SWIFT_EMIT_LOC_STRINGS = NO;
				SWIFT_VERSION = 5.0;
				TARGETED_DEVICE_FAMILY = "1,2";
				TEST_TARGET_NAME = BoilEasy;
			};
			name = Release;
		};
/* End XCBuildConfiguration section */

/* Begin XCConfigurationList section */
		13E3D4492AB8BCB1004B13C7 /* Build configuration list for PBXProject "BoilEasy" */ = {
			isa = XCConfigurationList;
			buildConfigurations = (
				13E3D4792AB8BCB2004B13C7 /* Debug */,
				13E3D47A2AB8BCB2004B13C7 /* Release */,
			);
			defaultConfigurationIsVisible = 0;
			defaultConfigurationName = Release;
		};
		13E3D47B2AB8BCB2004B13C7 /* Build configuration list for PBXNativeTarget "BoilEasy" */ = {
			isa = XCConfigurationList;
			buildConfigurations = (
				13E3D47C2AB8BCB2004B13C7 /* Debug */,
				13E3D47D2AB8BCB2004B13C7 /* Release */,
			);
			defaultConfigurationIsVisible = 0;
			defaultConfigurationName = Release;
		};
		13E3D47E2AB8BCB2004B13C7 /* Build configuration list for PBXNativeTarget "BoilEasyTests" */ = {
			isa = XCConfigurationList;
			buildConfigurations = (
				13E3D47F2AB8BCB2004B13C7 /* Debug */,
				13E3D4802AB8BCB2004B13C7 /* Release */,
			);
			defaultConfigurationIsVisible = 0;
			defaultConfigurationName = Release;
		};
		13E3D4812AB8BCB2004B13C7 /* Build configuration list for PBXNativeTarget "BoilEasyUITests" */ = {
			isa = XCConfigurationList;
			buildConfigurations = (
				13E3D4822AB8BCB2004B13C7 /* Debug */,
				13E3D4832AB8BCB2004B13C7 /* Release */,
			);
			defaultConfigurationIsVisible = 0;
			defaultConfigurationName = Release;
		};
/* End XCConfigurationList section */

/* Begin XCVersionGroup section */
		13E3D45A2AB8BCB1004B13C7 /* BoilEasy.xcdatamodeld */ = {
			isa = XCVersionGroup;
			children = (
				13E3D45B2AB8BCB1004B13C7 /* BoilEasy.xcdatamodel */,
			);
			currentVersion = 13E3D45B2AB8BCB1004B13C7 /* BoilEasy.xcdatamodel */;
			path = BoilEasy.xcdatamodeld;
			sourceTree = "<group>";
			versionGroupType = wrapper.xcdatamodel;
		};
/* End XCVersionGroup section */
	};
	rootObject = 13E3D4462AB8BCB1004B13C7 /* Project object */;
}
